
Microsoft Visual Studio Solution File, Format Version 12.00
Project("{FAE04EC0-301F-11D3-BF4B-00C04F79EFBC}") = "DocLink", "DocLink\DocLink.csproj", "{C146E2B1-3C68-419E-94DD-ADF82CBCF048}"
EndProject
Global
	GlobalSection(SolutionConfigurationPlatforms) = preSolution
		Debug|Any CPU = Debug|Any CPU
		Release|Any CPU = Release|Any CPU
	EndGlobalSection
	GlobalSection(ProjectConfigurationPlatforms) = postSolution
		{C146E2B1-3C68-419E-94DD-ADF82CBCF048}.Debug|Any CPU.ActiveCfg = Debug|Any CPU
		{C146E2B1-3C68-419E-94DD-ADF82CBCF048}.Debug|Any CPU.Build.0 = Debug|Any CPU
		{C146E2B1-3C68-419E-94DD-ADF82CBCF048}.Release|Any CPU.ActiveCfg = Release|Any CPU
		{C146E2B1-3C68-419E-94DD-ADF82CBCF048}.Release|Any CPU.Build.0 = Release|Any CPU
	EndGlobalSection
EndGlobal
